{
  "name": "beanlmswebcomponents",
  "version": "0.1.0",
  "lockfileVersion": 3,
  "requires": true,
  "packages": {
    "": {
      "name": "beanlmswebcomponents",
      "version": "0.1.0",
      "license": "MIT",
      "workspaces": [
        "packages/quiz"
      ]
    },
    "node_modules/beanlmsquiz": {
      "resolved": "packages/quiz",
      "link": true
    },
    "packages/quiz": {
      "name": "beanlmsquiz",
      "version": "0.1.0",
      "license": "MIT"
    }
  }
}
